
Microsoft Visual Studio Solution File, Format Version 12.00
# Visual Studio Version 17
VisualStudioVersion = 17.11.35222.181
MinimumVisualStudioVersion = 10.0.40219.1
Project("{2150E333-8FDC-42A3-9474-1A3956D46DE8}") = "src", "src", "{C1000000-0000-0000-0000-000000000001}"
EndProject
Project("{2150E333-8FDC-42A3-9474-1A3956D46DE8}") = "tests", "tests", "{C1000000-0000-0000-0000-000000000002}"
EndProject
Project("{FAE04EC0-301F-11D3-BF4B-00C04F79EFBC}") = "DonationService.Api", "src\DonationService.Api\DonationService.Api.csproj", "{D1000000-0000-0000-0000-000000000001}"
EndProject
Project("{FAE04EC0-301F-11D3-BF4B-00C04F79EFBC}") = "DonationService.Application", "src\DonationService.Application\DonationService.Application.csproj", "{D1000000-0000-0000-0000-000000000002}"
EndProject
Project("{FAE04EC0-301F-11D3-BF4B-00C04F79EFBC}") = "DonationService.Domain", "src\DonationService.Domain\DonationService.Domain.csproj", "{D1000000-0000-0000-0000-000000000003}"
EndProject
Project("{FAE04EC0-301F-11D3-BF4B-00C04F79EFBC}") = "DonationService.Infrastructure", "src\DonationService.Infrastructure\DonationService.Infrastructure.csproj", "{D1000000-0000-0000-0000-000000000004}"
EndProject
Project("{FAE04EC0-301F-11D3-BF4B-00C04F79EFBC}") = "DonationService.Worker", "src\DonationService.Worker\DonationService.Worker.csproj", "{D1000000-0000-0000-0000-000000000005}"
EndProject
Project("{FAE04EC0-301F-11D3-BF4B-00C04F79EFBC}") = "DonationService.Contracts", "src\DonationService.Contracts\DonationService.Contracts.csproj", "{D1000000-0000-0000-0000-000000000006}"
EndProject
Project("{FAE04EC0-301F-11D3-BF4B-00C04F79EFBC}") = "DonationService.SharedKernel", "src\DonationService.SharedKernel\DonationService.SharedKernel.csproj", "{D1000000-0000-0000-0000-000000000007}"
EndProject
Project("{FAE04EC0-301F-11D3-BF4B-00C04F79EFBC}") = "DonationService.UnitTests", "tests\DonationService.UnitTests\DonationService.UnitTests.csproj", "{D1000000-0000-0000-0000-000000000008}"
EndProject
Project("{FAE04EC0-301F-11D3-BF4B-00C04F79EFBC}") = "DonationService.IntegrationTests", "tests\DonationService.IntegrationTests\DonationService.IntegrationTests.csproj", "{D1000000-0000-0000-0000-000000000009}"
EndProject
Project("{FAE04EC0-301F-11D3-BF4B-00C04F79EFBC}") = "DonationService.ConsumerTests", "tests\DonationService.ConsumerTests\DonationService.ConsumerTests.csproj", "{D1000000-0000-0000-0000-00000000000A}"
EndProject
Global
	GlobalSection(SolutionConfigurationPlatforms) = preSolution
		Debug|Any CPU = Debug|Any CPU
		Release|Any CPU = Release|Any CPU
	EndGlobalSection
	GlobalSection(ProjectConfigurationPlatforms) = postSolution
		{D1000000-0000-0000-0000-000000000001}.Debug|Any CPU.ActiveCfg = Debug|Any CPU
		{D1000000-0000-0000-0000-000000000001}.Debug|Any CPU.Build.0 = Debug|Any CPU
		{D1000000-0000-0000-0000-000000000001}.Release|Any CPU.ActiveCfg = Release|Any CPU
		{D1000000-0000-0000-0000-000000000001}.Release|Any CPU.Build.0 = Release|Any CPU
		{D1000000-0000-0000-0000-000000000002}.Debug|Any CPU.ActiveCfg = Debug|Any CPU
		{D1000000-0000-0000-0000-000000000002}.Debug|Any CPU.Build.0 = Debug|Any CPU
		{D1000000-0000-0000-0000-000000000002}.Release|Any CPU.ActiveCfg = Release|Any CPU
		{D1000000-0000-0000-0000-000000000002}.Release|Any CPU.Build.0 = Release|Any CPU
		{D1000000-0000-0000-0000-000000000003}.Debug|Any CPU.ActiveCfg = Debug|Any CPU
		{D1000000-0000-0000-0000-000000000003}.Debug|Any CPU.Build.0 = Debug|Any CPU
		{D1000000-0000-0000-0000-000000000003}.Release|Any CPU.ActiveCfg = Release|Any CPU
		{D1000000-0000-0000-0000-000000000003}.Release|Any CPU.Build.0 = Release|Any CPU
		{D1000000-0000-0000-0000-000000000004}.Debug|Any CPU.ActiveCfg = Debug|Any CPU
		{D1000000-0000-0000-0000-000000000004}.Debug|Any CPU.Build.0 = Debug|Any CPU
		{D1000000-0000-0000-0000-000000000004}.Release|Any CPU.ActiveCfg = Release|Any CPU
		{D1000000-0000-0000-0000-000000000004}.Release|Any CPU.Build.0 = Release|Any CPU
		{D1000000-0000-0000-0000-000000000005}.Debug|Any CPU.ActiveCfg = Debug|Any CPU
		{D1000000-0000-0000-0000-000000000005}.Debug|Any CPU.Build.0 = Debug|Any CPU
		{D1000000-0000-0000-0000-000000000005}.Release|Any CPU.ActiveCfg = Release|Any CPU
		{D1000000-0000-0000-0000-000000000005}.Release|Any CPU.Build.0 = Release|Any CPU
		{D1000000-0000-0000-0000-000000000006}.Debug|Any CPU.ActiveCfg = Debug|Any CPU
		{D1000000-0000-0000-0000-000000000006}.Debug|Any CPU.Build.0 = Debug|Any CPU
		{D1000000-0000-0000-0000-000000000006}.Release|Any CPU.ActiveCfg = Release|Any CPU
		{D1000000-0000-0000-0000-000000000006}.Release|Any CPU.Build.0 = Release|Any CPU
		{D1000000-0000-0000-0000-000000000007}.Debug|Any CPU.ActiveCfg = Debug|Any CPU
		{D1000000-0000-0000-0000-000000000007}.Debug|Any CPU.Build.0 = Debug|Any CPU
		{D1000000-0000-0000-0000-000000000007}.Release|Any CPU.ActiveCfg = Release|Any CPU
		{D1000000-0000-0000-0000-000000000007}.Release|Any CPU.Build.0 = Release|Any CPU
		{D1000000-0000-0000-0000-000000000008}.Debug|Any CPU.ActiveCfg = Debug|Any CPU
		{D1000000-0000-0000-0000-000000000008}.Debug|Any CPU.Build.0 = Debug|Any CPU
		{D1000000-0000-0000-0000-000000000008}.Release|Any CPU.ActiveCfg = Release|Any CPU
		{D1000000-0000-0000-0000-000000000008}.Release|Any CPU.Build.0 = Release|Any CPU
		{D1000000-0000-0000-0000-000000000009}.Debug|Any CPU.ActiveCfg = Debug|Any CPU
		{D1000000-0000-0000-0000-000000000009}.Debug|Any CPU.Build.0 = Debug|Any CPU
		{D1000000-0000-0000-0000-000000000009}.Release|Any CPU.ActiveCfg = Release|Any CPU
		{D1000000-0000-0000-0000-000000000009}.Release|Any CPU.Build.0 = Release|Any CPU
		{D1000000-0000-0000-0000-00000000000A}.Debug|Any CPU.ActiveCfg = Debug|Any CPU
		{D1000000-0000-0000-0000-00000000000A}.Debug|Any CPU.Build.0 = Debug|Any CPU
		{D1000000-0000-0000-0000-00000000000A}.Release|Any CPU.ActiveCfg = Release|Any CPU
		{D1000000-0000-0000-0000-00000000000A}.Release|Any CPU.Build.0 = Release|Any CPU
	EndGlobalSection
	GlobalSection(SolutionProperties) = preSolution
		HideSolutionNode = FALSE
	EndGlobalSection
	GlobalSection(NestedProjects) = preSolution
		{D1000000-0000-0000-0000-000000000001} = {C1000000-0000-0000-0000-000000000001}
		{D1000000-0000-0000-0000-000000000002} = {C1000000-0000-0000-0000-000000000001}
		{D1000000-0000-0000-0000-000000000003} = {C1000000-0000-0000-0000-000000000001}
		{D1000000-0000-0000-0000-000000000004} = {C1000000-0000-0000-0000-000000000001}
		{D1000000-0000-0000-0000-000000000005} = {C1000000-0000-0000-0000-000000000001}
		{D1000000-0000-0000-0000-000000000006} = {C1000000-0000-0000-0000-000000000001}
		{D1000000-0000-0000-0000-000000000007} = {C1000000-0000-0000-0000-000000000001}
		{D1000000-0000-0000-0000-000000000008} = {C1000000-0000-0000-0000-000000000002}
		{D1000000-0000-0000-0000-000000000009} = {C1000000-0000-0000-0000-000000000002}
		{D1000000-0000-0000-0000-00000000000A} = {C1000000-0000-0000-0000-000000000002}
	EndGlobalSection
EndGlobal
